PODS:
  - JSONModel (1.2.0)
  - MJRefresh (3.1.9)
  - SocketRocket (0.5.1)

DEPENDENCIES:
  - JSONModel
  - MJRefresh
  - SocketRocket

SPEC CHECKSUMS:
  JSONModel: 12523685c4b623553ccf844bbbf7007624317b2c
  MJRefresh: c5f1f1653e5a1b932c90f78074f2bc86f3f9bd5e
  SocketRocket: d57c7159b83c3c6655745cd15302aa24b6bae531

PODFILE CHECKSUM: 70eeafeb047d326cc48268242ed1d16c60afc31c

COCOAPODS: 1.0.1
