// !$*UTF8*$!
{
	archiveVersion = 1;
	classes = {
	};
	objectVersion = 46;
	objects = {

/* Begin PBXBuildFile section */
		101C39021E6FDFEF00688D8F /* FDChatViewController.m in Sources */ = {isa = PBXBuildFile; fileRef = 101C39001E6FDFEF00688D8F /* FDChatViewController.m */; };
		101C39031E6FDFEF00688D8F /* FDChatViewController.xib in Resources */ = {isa = PBXBuildFile; fileRef = 101C39011E6FDFEF00688D8F /* FDChatViewController.xib */; };
		101C3C8D1E6FE18200688D8F /* EmotionIcons in Resources */ = {isa = PBXBuildFile; fileRef = 101C3C8C1E6FE18200688D8F /* EmotionIcons */; };
		10201B491E7A5BC800857597 /* FDChatMessage.m in Sources */ = {isa = PBXBuildFile; fileRef = 10201B421E7A5BC800857597 /* FDChatMessage.m */; };
		10201B4A1E7A5BC800857597 /* FDChatMessageBuilder.m in Sources */ = {isa = PBXBuildFile; fileRef = 10201B441E7A5BC800857597 /* FDChatMessageBuilder.m */; };
		10201B4B1E7A5BC800857597 /* FDChatMessageManager.m in Sources */ = {isa = PBXBuildFile; fileRef = 10201B461E7A5BC800857597 /* FDChatMessageManager.m */; };
		10201B4C1E7A5BC800857597 /* FDChatMessageParser.m in Sources */ = {isa = PBXBuildFile; fileRef = 10201B481E7A5BC800857597 /* FDChatMessageParser.m */; };
		10690CB21E714296005CFD56 /* FDChatMessageDataHandleCenter.m in Sources */ = {isa = PBXBuildFile; fileRef = 10690CB11E714296005CFD56 /* FDChatMessageDataHandleCenter.m */; };
		10CF12A11E79416A006BFB60 /* UIImage+FDExtension.m in Sources */ = {isa = PBXBuildFile; fileRef = 10CF12A01E79416A006BFB60 /* UIImage+FDExtension.m */; };
		93735E4A1E70FBC600981258 /* FDChatFileUploader.m in Sources */ = {isa = PBXBuildFile; fileRef = 93735E491E70FBC600981258 /* FDChatFileUploader.m */; };
		937F1D311E7283110024FC1F /* NSDate+FDExtension.m in Sources */ = {isa = PBXBuildFile; fileRef = 937F1D231E7283110024FC1F /* NSDate+FDExtension.m */; };
		937F1D321E7283110024FC1F /* NSString+Helper.m in Sources */ = {isa = PBXBuildFile; fileRef = 937F1D251E7283110024FC1F /* NSString+Helper.m */; };
		937F1D331E7283110024FC1F /* UIView+FDExtension.m in Sources */ = {isa = PBXBuildFile; fileRef = 937F1D271E7283110024FC1F /* UIView+FDExtension.m */; };
		937F1D341E7283110024FC1F /* FDEmotion.m in Sources */ = {isa = PBXBuildFile; fileRef = 937F1D2A1E7283110024FC1F /* FDEmotion.m */; };
		937F1D351E7283110024FC1F /* FDEmotionKeyboard.m in Sources */ = {isa = PBXBuildFile; fileRef = 937F1D2C1E7283110024FC1F /* FDEmotionKeyboard.m */; };
		937F1D361E7283110024FC1F /* FDEmotionListView.m in Sources */ = {isa = PBXBuildFile; fileRef = 937F1D2E1E7283110024FC1F /* FDEmotionListView.m */; };
		937F1D371E7283110024FC1F /* FDEmotionPageView.m in Sources */ = {isa = PBXBuildFile; fileRef = 937F1D301E7283110024FC1F /* FDEmotionPageView.m */; };
		93848DE31E7BC41C00860977 /* FDChatMessageCell.m in Sources */ = {isa = PBXBuildFile; fileRef = 93848DDA1E7BC41C00860977 /* FDChatMessageCell.m */; };
		93848DE41E7BC41C00860977 /* FDChatMessageCell.xib in Resources */ = {isa = PBXBuildFile; fileRef = 93848DDB1E7BC41C00860977 /* FDChatMessageCell.xib */; };
		93848DE51E7BC41C00860977 /* FDChatMessageFrame.m in Sources */ = {isa = PBXBuildFile; fileRef = 93848DDD1E7BC41C00860977 /* FDChatMessageFrame.m */; };
		93848DE61E7BC41C00860977 /* FDChatMoreView.m in Sources */ = {isa = PBXBuildFile; fileRef = 93848DDF1E7BC41C00860977 /* FDChatMoreView.m */; };
		93848DE71E7BC41C00860977 /* FDChatMoreView.xib in Resources */ = {isa = PBXBuildFile; fileRef = 93848DE01E7BC41C00860977 /* FDChatMoreView.xib */; };
		93848DE81E7BC41C00860977 /* FDInputTextView.m in Sources */ = {isa = PBXBuildFile; fileRef = 93848DE21E7BC41C00860977 /* FDInputTextView.m */; };
		938B1C611E03987B0079F8CC /* FDWebSocket.m in Sources */ = {isa = PBXBuildFile; fileRef = 938B1C5E1E03987B0079F8CC /* FDWebSocket.m */; };
		93AA826A1E769CB9001F5431 /* FDSocketMonitor.m in Sources */ = {isa = PBXBuildFile; fileRef = 93AA82691E769CB9001F5431 /* FDSocketMonitor.m */; };
		93E42A481DCC778E0005ED14 /* main.m in Sources */ = {isa = PBXBuildFile; fileRef = 93E42A471DCC778E0005ED14 /* main.m */; };
		93E42A4B1DCC778E0005ED14 /* AppDelegate.m in Sources */ = {isa = PBXBuildFile; fileRef = 93E42A4A1DCC778E0005ED14 /* AppDelegate.m */; };
		93E42A4E1DCC778E0005ED14 /* ViewController.m in Sources */ = {isa = PBXBuildFile; fileRef = 93E42A4D1DCC778E0005ED14 /* ViewController.m */; };
		93E42A511DCC778E0005ED14 /* Main.storyboard in Resources */ = {isa = PBXBuildFile; fileRef = 93E42A4F1DCC778E0005ED14 /* Main.storyboard */; };
		93E42A531DCC778E0005ED14 /* Assets.xcassets in Resources */ = {isa = PBXBuildFile; fileRef = 93E42A521DCC778E0005ED14 /* Assets.xcassets */; };
		93E42A561DCC778E0005ED14 /* LaunchScreen.storyboard in Resources */ = {isa = PBXBuildFile; fileRef = 93E42A541DCC778E0005ED14 /* LaunchScreen.storyboard */; };
		FBF7F2E505558C1697D4618A /* libPods-SocketDemo.a in Frameworks */ = {isa = PBXBuildFile; fileRef = 42A8E5BE3762167DCFAE13F5 /* libPods-SocketDemo.a */; };
/* End PBXBuildFile section */

/* Begin PBXFileReference section */
		101C38FF1E6FDFEF00688D8F /* FDChatViewController.h */ = {isa = PBXFileReference; fileEncoding = 4; lastKnownFileType = sourcecode.c.h; path = FDChatViewController.h; sourceTree = "<group>"; };
		101C39001E6FDFEF00688D8F /* FDChatViewController.m */ = {isa = PBXFileReference; fileEncoding = 4; lastKnownFileType = sourcecode.c.objc; path = FDChatViewController.m; sourceTree = "<group>"; };
		101C39011E6FDFEF00688D8F /* FDChatViewController.xib */ = {isa = PBXFileReference; fileEncoding = 4; lastKnownFileType = file.xib; path = FDChatViewController.xib; sourceTree = "<group>"; };
		101C3C8C1E6FE18200688D8F /* EmotionIcons */ = {isa = PBXFileReference; lastKnownFileType = folder; path = EmotionIcons; sourceTree = "<group>"; };
		10201B411E7A5BC800857597 /* FDChatMessage.h */ = {isa = PBXFileReference; fileEncoding = 4; lastKnownFileType = sourcecode.c.h; path = FDChatMessage.h; sourceTree = "<group>"; };
		10201B421E7A5BC800857597 /* FDChatMessage.m */ = {isa = PBXFileReference; fileEncoding = 4; lastKnownFileType = sourcecode.c.objc; path = FDChatMessage.m; sourceTree = "<group>"; };
		10201B431E7A5BC800857597 /* FDChatMessageBuilder.h */ = {isa = PBXFileReference; fileEncoding = 4; lastKnownFileType = sourcecode.c.h; path = FDChatMessageBuilder.h; sourceTree = "<group>"; };
		10201B441E7A5BC800857597 /* FDChatMessageBuilder.m */ = {isa = PBXFileReference; fileEncoding = 4; lastKnownFileType = sourcecode.c.objc; path = FDChatMessageBuilder.m; sourceTree = "<group>"; };
		10201B451E7A5BC800857597 /* FDChatMessageManager.h */ = {isa = PBXFileReference; fileEncoding = 4; lastKnownFileType = sourcecode.c.h; path = FDChatMessageManager.h; sourceTree = "<group>"; };
		10201B461E7A5BC800857597 /* FDChatMessageManager.m */ = {isa = PBXFileReference; fileEncoding = 4; lastKnownFileType = sourcecode.c.objc; path = FDChatMessageManager.m; sourceTree = "<group>"; };
		10201B471E7A5BC800857597 /* FDChatMessageParser.h */ = {isa = PBXFileReference; fileEncoding = 4; lastKnownFileType = sourcecode.c.h; path = FDChatMessageParser.h; sourceTree = "<group>"; };
		10201B481E7A5BC800857597 /* FDChatMessageParser.m */ = {isa = PBXFileReference; fileEncoding = 4; lastKnownFileType = sourcecode.c.objc; path = FDChatMessageParser.m; sourceTree = "<group>"; };
		10690CB01E714296005CFD56 /* FDChatMessageDataHandleCenter.h */ = {isa = PBXFileReference; fileEncoding = 4; lastKnownFileType = sourcecode.c.h; path = FDChatMessageDataHandleCenter.h; sourceTree = "<group>"; };
		10690CB11E714296005CFD56 /* FDChatMessageDataHandleCenter.m */ = {isa = PBXFileReference; fileEncoding = 4; lastKnownFileType = sourcecode.c.objc; path = FDChatMessageDataHandleCenter.m; sourceTree = "<group>"; };
		10CF129F1E79416A006BFB60 /* UIImage+FDExtension.h */ = {isa = PBXFileReference; fileEncoding = 4; lastKnownFileType = sourcecode.c.h; path = "UIImage+FDExtension.h"; sourceTree = "<group>"; };
		10CF12A01E79416A006BFB60 /* UIImage+FDExtension.m */ = {isa = PBXFileReference; fileEncoding = 4; lastKnownFileType = sourcecode.c.objc; path = "UIImage+FDExtension.m"; sourceTree = "<group>"; };
		24B266FF51E08609FEA3BBBA /* Pods-SocketDemo.release.xcconfig */ = {isa = PBXFileReference; includeInIndex = 1; lastKnownFileType = text.xcconfig; name = "Pods-SocketDemo.release.xcconfig"; path = "Pods/Target Support Files/Pods-SocketDemo/Pods-SocketDemo.release.xcconfig"; sourceTree = "<group>"; };
		38A485F30D61691842406084 /* Pods-SocketDemo.debug.xcconfig */ = {isa = PBXFileReference; includeInIndex = 1; lastKnownFileType = text.xcconfig; name = "Pods-SocketDemo.debug.xcconfig"; path = "Pods/Target Support Files/Pods-SocketDemo/Pods-SocketDemo.debug.xcconfig"; sourceTree = "<group>"; };
		42A8E5BE3762167DCFAE13F5 /* libPods-SocketDemo.a */ = {isa = PBXFileReference; explicitFileType = archive.ar; includeInIndex = 0; path = "libPods-SocketDemo.a"; sourceTree = BUILT_PRODUCTS_DIR; };
		93735E481E70FBC600981258 /* FDChatFileUploader.h */ = {isa = PBXFileReference; fileEncoding = 4; lastKnownFileType = sourcecode.c.h; path = FDChatFileUploader.h; sourceTree = "<group>"; };
		93735E491E70FBC600981258 /* FDChatFileUploader.m */ = {isa = PBXFileReference; fileEncoding = 4; lastKnownFileType = sourcecode.c.objc; path = FDChatFileUploader.m; sourceTree = "<group>"; };
		93735E4B1E713B0200981258 /* FDChatConfig.h */ = {isa = PBXFileReference; lastKnownFileType = sourcecode.c.h; path = FDChatConfig.h; sourceTree = "<group>"; };
		937F1D221E7283110024FC1F /* NSDate+FDExtension.h */ = {isa = PBXFileReference; fileEncoding = 4; lastKnownFileType = sourcecode.c.h; path = "NSDate+FDExtension.h"; sourceTree = "<group>"; };
		937F1D231E7283110024FC1F /* NSDate+FDExtension.m */ = {isa = PBXFileReference; fileEncoding = 4; lastKnownFileType = sourcecode.c.objc; path = "NSDate+FDExtension.m"; sourceTree = "<group>"; };
		937F1D241E7283110024FC1F /* NSString+Helper.h */ = {isa = PBXFileReference; fileEncoding = 4; lastKnownFileType = sourcecode.c.h; path = "NSString+Helper.h"; sourceTree = "<group>"; };
		937F1D251E7283110024FC1F /* NSString+Helper.m */ = {isa = PBXFileReference; fileEncoding = 4; lastKnownFileType = sourcecode.c.objc; path = "NSString+Helper.m"; sourceTree = "<group>"; };
		937F1D261E7283110024FC1F /* UIView+FDExtension.h */ = {isa = PBXFileReference; fileEncoding = 4; lastKnownFileType = sourcecode.c.h; path = "UIView+FDExtension.h"; sourceTree = "<group>"; };
		937F1D271E7283110024FC1F /* UIView+FDExtension.m */ = {isa = PBXFileReference; fileEncoding = 4; lastKnownFileType = sourcecode.c.objc; path = "UIView+FDExtension.m"; sourceTree = "<group>"; };
		937F1D291E7283110024FC1F /* FDEmotion.h */ = {isa = PBXFileReference; fileEncoding = 4; lastKnownFileType = sourcecode.c.h; path = FDEmotion.h; sourceTree = "<group>"; };
		937F1D2A1E7283110024FC1F /* FDEmotion.m */ = {isa = PBXFileReference; fileEncoding = 4; lastKnownFileType = sourcecode.c.objc; path = FDEmotion.m; sourceTree = "<group>"; };
		937F1D2B1E7283110024FC1F /* FDEmotionKeyboard.h */ = {isa = PBXFileReference; fileEncoding = 4; lastKnownFileType = sourcecode.c.h; path = FDEmotionKeyboard.h; sourceTree = "<group>"; };
		937F1D2C1E7283110024FC1F /* FDEmotionKeyboard.m */ = {isa = PBXFileReference; fileEncoding = 4; lastKnownFileType = sourcecode.c.objc; path = FDEmotionKeyboard.m; sourceTree = "<group>"; };
		937F1D2D1E7283110024FC1F /* FDEmotionListView.h */ = {isa = PBXFileReference; fileEncoding = 4; lastKnownFileType = sourcecode.c.h; path = FDEmotionListView.h; sourceTree = "<group>"; };
		937F1D2E1E7283110024FC1F /* FDEmotionListView.m */ = {isa = PBXFileReference; fileEncoding = 4; lastKnownFileType = sourcecode.c.objc; path = FDEmotionListView.m; sourceTree = "<group>"; };
		937F1D2F1E7283110024FC1F /* FDEmotionPageView.h */ = {isa = PBXFileReference; fileEncoding = 4; lastKnownFileType = sourcecode.c.h; path = FDEmotionPageView.h; sourceTree = "<group>"; };
		937F1D301E7283110024FC1F /* FDEmotionPageView.m */ = {isa = PBXFileReference; fileEncoding = 4; lastKnownFileType = sourcecode.c.objc; path = FDEmotionPageView.m; sourceTree = "<group>"; };
		93848DD91E7BC41C00860977 /* FDChatMessageCell.h */ = {isa = PBXFileReference; fileEncoding = 4; lastKnownFileType = sourcecode.c.h; path = FDChatMessageCell.h; sourceTree = "<group>"; };
		93848DDA1E7BC41C00860977 /* FDChatMessageCell.m */ = {isa = PBXFileReference; fileEncoding = 4; lastKnownFileType = sourcecode.c.objc; path = FDChatMessageCell.m; sourceTree = "<group>"; };
		93848DDB1E7BC41C00860977 /* FDChatMessageCell.xib */ = {isa = PBXFileReference; fileEncoding = 4; lastKnownFileType = file.xib; path = FDChatMessageCell.xib; sourceTree = "<group>"; };
		93848DDC1E7BC41C00860977 /* FDChatMessageFrame.h */ = {isa = PBXFileReference; fileEncoding = 4; lastKnownFileType = sourcecode.c.h; path = FDChatMessageFrame.h; sourceTree = "<group>"; };
		93848DDD1E7BC41C00860977 /* FDChatMessageFrame.m */ = {isa = PBXFileReference; fileEncoding = 4; lastKnownFileType = sourcecode.c.objc; path = FDChatMessageFrame.m; sourceTree = "<group>"; };
		93848DDE1E7BC41C00860977 /* FDChatMoreView.h */ = {isa = PBXFileReference; fileEncoding = 4; lastKnownFileType = sourcecode.c.h; path = FDChatMoreView.h; sourceTree = "<group>"; };
		93848DDF1E7BC41C00860977 /* FDChatMoreView.m */ = {isa = PBXFileReference; fileEncoding = 4; lastKnownFileType = sourcecode.c.objc; path = FDChatMoreView.m; sourceTree = "<group>"; };
		93848DE01E7BC41C00860977 /* FDChatMoreView.xib */ = {isa = PBXFileReference; fileEncoding = 4; lastKnownFileType = file.xib; path = FDChatMoreView.xib; sourceTree = "<group>"; };
		93848DE11E7BC41C00860977 /* FDInputTextView.h */ = {isa = PBXFileReference; fileEncoding = 4; lastKnownFileType = sourcecode.c.h; path = FDInputTextView.h; sourceTree = "<group>"; };
		93848DE21E7BC41C00860977 /* FDInputTextView.m */ = {isa = PBXFileReference; fileEncoding = 4; lastKnownFileType = sourcecode.c.objc; path = FDInputTextView.m; sourceTree = "<group>"; };
		938B1C5D1E03987B0079F8CC /* FDWebSocket.h */ = {isa = PBXFileReference; fileEncoding = 4; lastKnownFileType = sourcecode.c.h; path = FDWebSocket.h; sourceTree = "<group>"; };
		938B1C5E1E03987B0079F8CC /* FDWebSocket.m */ = {isa = PBXFileReference; fileEncoding = 4; lastKnownFileType = sourcecode.c.objc; path = FDWebSocket.m; sourceTree = "<group>"; };
		93AA82681E769CB9001F5431 /* FDSocketMonitor.h */ = {isa = PBXFileReference; fileEncoding = 4; lastKnownFileType = sourcecode.c.h; path = FDSocketMonitor.h; sourceTree = "<group>"; };
		93AA82691E769CB9001F5431 /* FDSocketMonitor.m */ = {isa = PBXFileReference; fileEncoding = 4; lastKnownFileType = sourcecode.c.objc; path = FDSocketMonitor.m; sourceTree = "<group>"; };
		93E42A431DCC778E0005ED14 /* SocketDemo.app */ = {isa = PBXFileReference; explicitFileType = wrapper.application; includeInIndex = 0; path = SocketDemo.app; sourceTree = BUILT_PRODUCTS_DIR; };
		93E42A471DCC778E0005ED14 /* main.m */ = {isa = PBXFileReference; lastKnownFileType = sourcecode.c.objc; path = main.m; sourceTree = "<group>"; };
		93E42A491DCC778E0005ED14 /* AppDelegate.h */ = {isa = PBXFileReference; lastKnownFileType = sourcecode.c.h; path = AppDelegate.h; sourceTree = "<group>"; };
		93E42A4A1DCC778E0005ED14 /* AppDelegate.m */ = {isa = PBXFileReference; lastKnownFileType = sourcecode.c.objc; path = AppDelegate.m; sourceTree = "<group>"; };
		93E42A4C1DCC778E0005ED14 /* ViewController.h */ = {isa = PBXFileReference; lastKnownFileType = sourcecode.c.h; path = ViewController.h; sourceTree = "<group>"; };
		93E42A4D1DCC778E0005ED14 /* ViewController.m */ = {isa = PBXFileReference; lastKnownFileType = sourcecode.c.objc; path = ViewController.m; sourceTree = "<group>"; };
		93E42A501DCC778E0005ED14 /* Base */ = {isa = PBXFileReference; lastKnownFileType = file.storyboard; name = Base; path = Base.lproj/Main.storyboard; sourceTree = "<group>"; };
		93E42A521DCC778E0005ED14 /* Assets.xcassets */ = {isa = PBXFileReference; lastKnownFileType = folder.assetcatalog; path = Assets.xcassets; sourceTree = "<group>"; };
		93E42A551DCC778E0005ED14 /* Base */ = {isa = PBXFileReference; lastKnownFileType = file.storyboard; name = Base; path = Base.lproj/LaunchScreen.storyboard; sourceTree = "<group>"; };
		93E42A571DCC778E0005ED14 /* Info.plist */ = {isa = PBXFileReference; lastKnownFileType = text.plist.xml; path = Info.plist; sourceTree = "<group>"; };
/* End PBXFileReference section */

/* Begin PBXFrameworksBuildPhase section */
		93E42A401DCC778E0005ED14 /* Frameworks */ = {
			isa = PBXFrameworksBuildPhase;
			buildActionMask = 2147483647;
			files = (
				FBF7F2E505558C1697D4618A /* libPods-SocketDemo.a in Frameworks */,
			);
			runOnlyForDeploymentPostprocessing = 0;
		};
/* End PBXFrameworksBuildPhase section */

/* Begin PBXGroup section */
		10201B401E7A5BC800857597 /* FDChatMessage */ = {
			isa = PBXGroup;
			children = (
				10201B411E7A5BC800857597 /* FDChatMessage.h */,
				10201B421E7A5BC800857597 /* FDChatMessage.m */,
				10201B431E7A5BC800857597 /* FDChatMessageBuilder.h */,
				10201B441E7A5BC800857597 /* FDChatMessageBuilder.m */,
				10201B451E7A5BC800857597 /* FDChatMessageManager.h */,
				10201B461E7A5BC800857597 /* FDChatMessageManager.m */,
				10201B471E7A5BC800857597 /* FDChatMessageParser.h */,
				10201B481E7A5BC800857597 /* FDChatMessageParser.m */,
			);
			path = FDChatMessage;
			sourceTree = "<group>";
		};
		723A99C7C59023434C8455D6 /* Pods */ = {
			isa = PBXGroup;
			children = (
				38A485F30D61691842406084 /* Pods-SocketDemo.debug.xcconfig */,
				24B266FF51E08609FEA3BBBA /* Pods-SocketDemo.release.xcconfig */,
			);
			name = Pods;
			sourceTree = "<group>";
		};
		8F594FC4CFA3C40933BD7587 /* Frameworks */ = {
			isa = PBXGroup;
			children = (
				42A8E5BE3762167DCFAE13F5 /* libPods-SocketDemo.a */,
			);
			name = Frameworks;
			sourceTree = "<group>";
		};
		937F1D211E7283110024FC1F /* category */ = {
			isa = PBXGroup;
			children = (
				937F1D221E7283110024FC1F /* NSDate+FDExtension.h */,
				937F1D231E7283110024FC1F /* NSDate+FDExtension.m */,
				937F1D241E7283110024FC1F /* NSString+Helper.h */,
				937F1D251E7283110024FC1F /* NSString+Helper.m */,
				937F1D261E7283110024FC1F /* UIView+FDExtension.h */,
				937F1D271E7283110024FC1F /* UIView+FDExtension.m */,
				10CF129F1E79416A006BFB60 /* UIImage+FDExtension.h */,
				10CF12A01E79416A006BFB60 /* UIImage+FDExtension.m */,
			);
			path = category;
			sourceTree = "<group>";
		};
		937F1D281E7283110024FC1F /* FDEmotion */ = {
			isa = PBXGroup;
			children = (
				937F1D291E7283110024FC1F /* FDEmotion.h */,
				937F1D2A1E7283110024FC1F /* FDEmotion.m */,
				937F1D2B1E7283110024FC1F /* FDEmotionKeyboard.h */,
				937F1D2C1E7283110024FC1F /* FDEmotionKeyboard.m */,
				937F1D2D1E7283110024FC1F /* FDEmotionListView.h */,
				937F1D2E1E7283110024FC1F /* FDEmotionListView.m */,
				937F1D2F1E7283110024FC1F /* FDEmotionPageView.h */,
				937F1D301E7283110024FC1F /* FDEmotionPageView.m */,
			);
			path = FDEmotion;
			sourceTree = "<group>";
		};
		93848DD81E7BC41C00860977 /* FDChatCustomView */ = {
			isa = PBXGroup;
			children = (
				93848DD91E7BC41C00860977 /* FDChatMessageCell.h */,
				93848DDA1E7BC41C00860977 /* FDChatMessageCell.m */,
				93848DDB1E7BC41C00860977 /* FDChatMessageCell.xib */,
				93848DDC1E7BC41C00860977 /* FDChatMessageFrame.h */,
				93848DDD1E7BC41C00860977 /* FDChatMessageFrame.m */,
				93848DDE1E7BC41C00860977 /* FDChatMoreView.h */,
				93848DDF1E7BC41C00860977 /* FDChatMoreView.m */,
				93848DE01E7BC41C00860977 /* FDChatMoreView.xib */,
				93848DE11E7BC41C00860977 /* FDInputTextView.h */,
				93848DE21E7BC41C00860977 /* FDInputTextView.m */,
			);
			path = FDChatCustomView;
			sourceTree = "<group>";
		};
		938B1C581E03987B0079F8CC /* FDChat */ = {
			isa = PBXGroup;
			children = (
				93735E4B1E713B0200981258 /* FDChatConfig.h */,
				938B1C5D1E03987B0079F8CC /* FDWebSocket.h */,
				938B1C5E1E03987B0079F8CC /* FDWebSocket.m */,
				93AA82681E769CB9001F5431 /* FDSocketMonitor.h */,
				93AA82691E769CB9001F5431 /* FDSocketMonitor.m */,
				93735E481E70FBC600981258 /* FDChatFileUploader.h */,
				93735E491E70FBC600981258 /* FDChatFileUploader.m */,
				10201B401E7A5BC800857597 /* FDChatMessage */,
			);
			path = FDChat;
			sourceTree = "<group>";
		};
		93E42A3A1DCC778E0005ED14 = {
			isa = PBXGroup;
			children = (
				93E42A451DCC778E0005ED14 /* SocketDemo */,
				93E42A441DCC778E0005ED14 /* Products */,
				723A99C7C59023434C8455D6 /* Pods */,
				8F594FC4CFA3C40933BD7587 /* Frameworks */,
			);
			sourceTree = "<group>";
		};
		93E42A441DCC778E0005ED14 /* Products */ = {
			isa = PBXGroup;
			children = (
				93E42A431DCC778E0005ED14 /* SocketDemo.app */,
			);
			name = Products;
			sourceTree = "<group>";
		};
		93E42A451DCC778E0005ED14 /* SocketDemo */ = {
			isa = PBXGroup;
			children = (
				938B1C581E03987B0079F8CC /* FDChat */,
				93E42A491DCC778E0005ED14 /* AppDelegate.h */,
				93E42A4A1DCC778E0005ED14 /* AppDelegate.m */,
				93E42A4C1DCC778E0005ED14 /* ViewController.h */,
				93E42A4D1DCC778E0005ED14 /* ViewController.m */,
				93E42A4F1DCC778E0005ED14 /* Main.storyboard */,
				101C38FF1E6FDFEF00688D8F /* FDChatViewController.h */,
				101C39001E6FDFEF00688D8F /* FDChatViewController.m */,
				101C39011E6FDFEF00688D8F /* FDChatViewController.xib */,
				93848DD81E7BC41C00860977 /* FDChatCustomView */,
				10690CB01E714296005CFD56 /* FDChatMessageDataHandleCenter.h */,
				10690CB11E714296005CFD56 /* FDChatMessageDataHandleCenter.m */,
				937F1D211E7283110024FC1F /* category */,
				937F1D281E7283110024FC1F /* FDEmotion */,
				93E42A521DCC778E0005ED14 /* Assets.xcassets */,
				101C3C8C1E6FE18200688D8F /* EmotionIcons */,
				93E42A541DCC778E0005ED14 /* LaunchScreen.storyboard */,
				93E42A571DCC778E0005ED14 /* Info.plist */,
				93E42A461DCC778E0005ED14 /* Supporting Files */,
			);
			path = SocketDemo;
			sourceTree = "<group>";
		};
		93E42A461DCC778E0005ED14 /* Supporting Files */ = {
			isa = PBXGroup;
			children = (
				93E42A471DCC778E0005ED14 /* main.m */,
			);
			name = "Supporting Files";
			sourceTree = "<group>";
		};
/* End PBXGroup section */

/* Begin PBXNativeTarget section */
		93E42A421DCC778E0005ED14 /* SocketDemo */ = {
			isa = PBXNativeTarget;
			buildConfigurationList = 93E42A5A1DCC778E0005ED14 /* Build configuration list for PBXNativeTarget "SocketDemo" */;
			buildPhases = (
				7ABD6751266F8096A07CC528 /* [CP] Check Pods Manifest.lock */,
				93E42A3F1DCC778E0005ED14 /* Sources */,
				93E42A401DCC778E0005ED14 /* Frameworks */,
				93E42A411DCC778E0005ED14 /* Resources */,
				F2C759E5CDCAABF4F4DD6831 /* [CP] Embed Pods Frameworks */,
				29710C835C9A9B68E384A3D8 /* [CP] Copy Pods Resources */,
			);
			buildRules = (
			);
			dependencies = (
			);
			name = SocketDemo;
			productName = SocketDemo;
			productReference = 93E42A431DCC778E0005ED14 /* SocketDemo.app */;
			productType = "com.apple.product-type.application";
		};
/* End PBXNativeTarget section */

/* Begin PBXProject section */
		93E42A3B1DCC778E0005ED14 /* Project object */ = {
			isa = PBXProject;
			attributes = {
				LastUpgradeCheck = 0810;
				ORGANIZATIONNAME = xietao3;
				TargetAttributes = {
					93E42A421DCC778E0005ED14 = {
						CreatedOnToolsVersion = 8.0;
						DevelopmentTeam = CVQ4KC2R64;
						ProvisioningStyle = Automatic;
					};
				};
			};
			buildConfigurationList = 93E42A3E1DCC778E0005ED14 /* Build configuration list for PBXProject "SocketDemo" */;
			compatibilityVersion = "Xcode 3.2";
			developmentRegion = English;
			hasScannedForEncodings = 0;
			knownRegions = (
				en,
				Base,
			);
			mainGroup = 93E42A3A1DCC778E0005ED14;
			productRefGroup = 93E42A441DCC778E0005ED14 /* Products */;
			projectDirPath = "";
			projectRoot = "";
			targets = (
				93E42A421DCC778E0005ED14 /* SocketDemo */,
			);
		};
/* End PBXProject section */

/* Begin PBXResourcesBuildPhase section */
		93E42A411DCC778E0005ED14 /* Resources */ = {
			isa = PBXResourcesBuildPhase;
			buildActionMask = 2147483647;
			files = (
				93848DE71E7BC41C00860977 /* FDChatMoreView.xib in Resources */,
				101C39031E6FDFEF00688D8F /* FDChatViewController.xib in Resources */,
				93E42A561DCC778E0005ED14 /* LaunchScreen.storyboard in Resources */,
				93E42A531DCC778E0005ED14 /* Assets.xcassets in Resources */,
				101C3C8D1E6FE18200688D8F /* EmotionIcons in Resources */,
				93E42A511DCC778E0005ED14 /* Main.storyboard in Resources */,
				93848DE41E7BC41C00860977 /* FDChatMessageCell.xib in Resources */,
			);
			runOnlyForDeploymentPostprocessing = 0;
		};
/* End PBXResourcesBuildPhase section */

/* Begin PBXShellScriptBuildPhase section */
		29710C835C9A9B68E384A3D8 /* [CP] Copy Pods Resources */ = {
			isa = PBXShellScriptBuildPhase;
			buildActionMask = 2147483647;
			files = (
			);
			inputPaths = (
			);
			name = "[CP] Copy Pods Resources";
			outputPaths = (
			);
			runOnlyForDeploymentPostprocessing = 0;
			shellPath = /bin/sh;
			shellScript = "\"${SRCROOT}/Pods/Target Support Files/Pods-SocketDemo/Pods-SocketDemo-resources.sh\"\n";
			showEnvVarsInLog = 0;
		};
		7ABD6751266F8096A07CC528 /* [CP] Check Pods Manifest.lock */ = {
			isa = PBXShellScriptBuildPhase;
			buildActionMask = 2147483647;
			files = (
			);
			inputPaths = (
			);
			name = "[CP] Check Pods Manifest.lock";
			outputPaths = (
			);
			runOnlyForDeploymentPostprocessing = 0;
			shellPath = /bin/sh;
			shellScript = "diff \"${PODS_ROOT}/../Podfile.lock\" \"${PODS_ROOT}/Manifest.lock\" > /dev/null\nif [[ $? != 0 ]] ; then\n    cat << EOM\nerror: The sandbox is not in sync with the Podfile.lock. Run 'pod install' or update your CocoaPods installation.\nEOM\n    exit 1\nfi\n";
			showEnvVarsInLog = 0;
		};
		F2C759E5CDCAABF4F4DD6831 /* [CP] Embed Pods Frameworks */ = {
			isa = PBXShellScriptBuildPhase;
			buildActionMask = 2147483647;
			files = (
			);
			inputPaths = (
			);
			name = "[CP] Embed Pods Frameworks";
			outputPaths = (
			);
			runOnlyForDeploymentPostprocessing = 0;
			shellPath = /bin/sh;
			shellScript = "\"${SRCROOT}/Pods/Target Support Files/Pods-SocketDemo/Pods-SocketDemo-frameworks.sh\"\n";
			showEnvVarsInLog = 0;
		};
/* End PBXShellScriptBuildPhase section */

/* Begin PBXSourcesBuildPhase section */
		93E42A3F1DCC778E0005ED14 /* Sources */ = {
			isa = PBXSourcesBuildPhase;
			buildActionMask = 2147483647;
			files = (
				937F1D311E7283110024FC1F /* NSDate+FDExtension.m in Sources */,
				93AA826A1E769CB9001F5431 /* FDSocketMonitor.m in Sources */,
				10CF12A11E79416A006BFB60 /* UIImage+FDExtension.m in Sources */,
				93E42A4E1DCC778E0005ED14 /* ViewController.m in Sources */,
				937F1D351E7283110024FC1F /* FDEmotionKeyboard.m in Sources */,
				938B1C611E03987B0079F8CC /* FDWebSocket.m in Sources */,
				937F1D371E7283110024FC1F /* FDEmotionPageView.m in Sources */,
				10201B4B1E7A5BC800857597 /* FDChatMessageManager.m in Sources */,
				937F1D361E7283110024FC1F /* FDEmotionListView.m in Sources */,
				937F1D341E7283110024FC1F /* FDEmotion.m in Sources */,
				93848DE31E7BC41C00860977 /* FDChatMessageCell.m in Sources */,
				93848DE51E7BC41C00860977 /* FDChatMessageFrame.m in Sources */,
				937F1D331E7283110024FC1F /* UIView+FDExtension.m in Sources */,
				10201B491E7A5BC800857597 /* FDChatMessage.m in Sources */,
				93848DE81E7BC41C00860977 /* FDInputTextView.m in Sources */,
				10690CB21E714296005CFD56 /* FDChatMessageDataHandleCenter.m in Sources */,
				101C39021E6FDFEF00688D8F /* FDChatViewController.m in Sources */,
				93848DE61E7BC41C00860977 /* FDChatMoreView.m in Sources */,
				93735E4A1E70FBC600981258 /* FDChatFileUploader.m in Sources */,
				93E42A4B1DCC778E0005ED14 /* AppDelegate.m in Sources */,
				10201B4C1E7A5BC800857597 /* FDChatMessageParser.m in Sources */,
				93E42A481DCC778E0005ED14 /* main.m in Sources */,
				937F1D321E7283110024FC1F /* NSString+Helper.m in Sources */,
				10201B4A1E7A5BC800857597 /* FDChatMessageBuilder.m in Sources */,
			);
			runOnlyForDeploymentPostprocessing = 0;
		};
/* End PBXSourcesBuildPhase section */

/* Begin PBXVariantGroup section */
		93E42A4F1DCC778E0005ED14 /* Main.storyboard */ = {
			isa = PBXVariantGroup;
			children = (
				93E42A501DCC778E0005ED14 /* Base */,
			);
			name = Main.storyboard;
			sourceTree = "<group>";
		};
		93E42A541DCC778E0005ED14 /* LaunchScreen.storyboard */ = {
			isa = PBXVariantGroup;
			children = (
				93E42A551DCC778E0005ED14 /* Base */,
			);
			name = LaunchScreen.storyboard;
			sourceTree = "<group>";
		};
/* End PBXVariantGroup section */

/* Begin XCBuildConfiguration section */
		93E42A581DCC778E0005ED14 /* Debug */ = {
			isa = XCBuildConfiguration;
			buildSettings = {
				ALWAYS_SEARCH_USER_PATHS = NO;
				CLANG_ANALYZER_NONNULL = YES;
				CLANG_CXX_LANGUAGE_STANDARD = "gnu++0x";
				CLANG_CXX_LIBRARY = "libc++";
				CLANG_ENABLE_MODULES = YES;
				CLANG_ENABLE_OBJC_ARC = YES;
				CLANG_WARN_BOOL_CONVERSION = YES;
				CLANG_WARN_CONSTANT_CONVERSION = YES;
				CLANG_WARN_DIRECT_OBJC_ISA_USAGE = YES_ERROR;
				CLANG_WARN_DOCUMENTATION_COMMENTS = YES;
				CLANG_WARN_EMPTY_BODY = YES;
				CLANG_WARN_ENUM_CONVERSION = YES;
				CLANG_WARN_INFINITE_RECURSION = YES;
				CLANG_WARN_INT_CONVERSION = YES;
				CLANG_WARN_OBJC_ROOT_CLASS = YES_ERROR;
				CLANG_WARN_SUSPICIOUS_MOVE = YES;
				CLANG_WARN_SUSPICIOUS_MOVES = YES;
				CLANG_WARN_UNREACHABLE_CODE = YES;
				CLANG_WARN__DUPLICATE_METHOD_MATCH = YES;
				"CODE_SIGN_IDENTITY[sdk=iphoneos*]" = "iPhone Developer";
				COPY_PHASE_STRIP = NO;
				DEBUG_INFORMATION_FORMAT = dwarf;
				ENABLE_STRICT_OBJC_MSGSEND = YES;
				ENABLE_TESTABILITY = YES;
				GCC_C_LANGUAGE_STANDARD = gnu99;
				GCC_DYNAMIC_NO_PIC = NO;
				GCC_NO_COMMON_BLOCKS = YES;
				GCC_OPTIMIZATION_LEVEL = 0;
				GCC_PREPROCESSOR_DEFINITIONS = (
					"DEBUG=1",
					"$(inherited)",
				);
				GCC_WARN_64_TO_32_BIT_CONVERSION = YES;
				GCC_WARN_ABOUT_RETURN_TYPE = YES_ERROR;
				GCC_WARN_UNDECLARED_SELECTOR = YES;
				GCC_WARN_UNINITIALIZED_AUTOS = YES_AGGRESSIVE;
				GCC_WARN_UNUSED_FUNCTION = YES;
				GCC_WARN_UNUSED_VARIABLE = YES;
				IPHONEOS_DEPLOYMENT_TARGET = 10.0;
				MTL_ENABLE_DEBUG_INFO = YES;
				ONLY_ACTIVE_ARCH = YES;
				SDKROOT = iphoneos;
			};
			name = Debug;
		};
		93E42A591DCC778E0005ED14 /* Release */ = {
			isa = XCBuildConfiguration;
			buildSettings = {
				ALWAYS_SEARCH_USER_PATHS = NO;
				CLANG_ANALYZER_NONNULL = YES;
				CLANG_CXX_LANGUAGE_STANDARD = "gnu++0x";
				CLANG_CXX_LIBRARY = "libc++";
				CLANG_ENABLE_MODULES = YES;
				CLANG_ENABLE_OBJC_ARC = YES;
				CLANG_WARN_BOOL_CONVERSION = YES;
				CLANG_WARN_CONSTANT_CONVERSION = YES;
				CLANG_WARN_DIRECT_OBJC_ISA_USAGE = YES_ERROR;
				CLANG_WARN_DOCUMENTATION_COMMENTS = YES;
				CLANG_WARN_EMPTY_BODY = YES;
				CLANG_WARN_ENUM_CONVERSION = YES;
				CLANG_WARN_INFINITE_RECURSION = YES;
				CLANG_WARN_INT_CONVERSION = YES;
				CLANG_WARN_OBJC_ROOT_CLASS = YES_ERROR;
				CLANG_WARN_SUSPICIOUS_MOVE = YES;
				CLANG_WARN_SUSPICIOUS_MOVES = YES;
				CLANG_WARN_UNREACHABLE_CODE = YES;
				CLANG_WARN__DUPLICATE_METHOD_MATCH = YES;
				"CODE_SIGN_IDENTITY[sdk=iphoneos*]" = "iPhone Developer";
				COPY_PHASE_STRIP = NO;
				DEBUG_INFORMATION_FORMAT = "dwarf-with-dsym";
				ENABLE_NS_ASSERTIONS = NO;
				ENABLE_STRICT_OBJC_MSGSEND = YES;
				GCC_C_LANGUAGE_STANDARD = gnu99;
				GCC_NO_COMMON_BLOCKS = YES;
				GCC_WARN_64_TO_32_BIT_CONVERSION = YES;
				GCC_WARN_ABOUT_RETURN_TYPE = YES_ERROR;
				GCC_WARN_UNDECLARED_SELECTOR = YES;
				GCC_WARN_UNINITIALIZED_AUTOS = YES_AGGRESSIVE;
				GCC_WARN_UNUSED_FUNCTION = YES;
				GCC_WARN_UNUSED_VARIABLE = YES;
				IPHONEOS_DEPLOYMENT_TARGET = 10.0;
				MTL_ENABLE_DEBUG_INFO = NO;
				SDKROOT = iphoneos;
				VALIDATE_PRODUCT = YES;
			};
			name = Release;
		};
		93E42A5B1DCC778E0005ED14 /* Debug */ = {
			isa = XCBuildConfiguration;
			baseConfigurationReference = 38A485F30D61691842406084 /* Pods-SocketDemo.debug.xcconfig */;
			buildSettings = {
				ASSETCATALOG_COMPILER_APPICON_NAME = AppIcon;
				DEVELOPMENT_TEAM = CVQ4KC2R64;
				INFOPLIST_FILE = SocketDemo/Info.plist;
				IPHONEOS_DEPLOYMENT_TARGET = 8.0;
				LD_RUNPATH_SEARCH_PATHS = "$(inherited) @executable_path/Frameworks";
				PRODUCT_BUNDLE_IDENTIFIER = com.xietao3.SocketDemo;
				PRODUCT_NAME = "$(TARGET_NAME)";
			};
			name = Debug;
		};
		93E42A5C1DCC778E0005ED14 /* Release */ = {
			isa = XCBuildConfiguration;
			baseConfigurationReference = 24B266FF51E08609FEA3BBBA /* Pods-SocketDemo.release.xcconfig */;
			buildSettings = {
				ASSETCATALOG_COMPILER_APPICON_NAME = AppIcon;
				DEVELOPMENT_TEAM = CVQ4KC2R64;
				INFOPLIST_FILE = SocketDemo/Info.plist;
				IPHONEOS_DEPLOYMENT_TARGET = 8.0;
				LD_RUNPATH_SEARCH_PATHS = "$(inherited) @executable_path/Frameworks";
				PRODUCT_BUNDLE_IDENTIFIER = com.xietao3.SocketDemo;
				PRODUCT_NAME = "$(TARGET_NAME)";
			};
			name = Release;
		};
/* End XCBuildConfiguration section */

/* Begin XCConfigurationList section */
		93E42A3E1DCC778E0005ED14 /* Build configuration list for PBXProject "SocketDemo" */ = {
			isa = XCConfigurationList;
			buildConfigurations = (
				93E42A581DCC778E0005ED14 /* Debug */,
				93E42A591DCC778E0005ED14 /* Release */,
			);
			defaultConfigurationIsVisible = 0;
			defaultConfigurationName = Release;
		};
		93E42A5A1DCC778E0005ED14 /* Build configuration list for PBXNativeTarget "SocketDemo" */ = {
			isa = XCConfigurationList;
			buildConfigurations = (
				93E42A5B1DCC778E0005ED14 /* Debug */,
				93E42A5C1DCC778E0005ED14 /* Release */,
			);
			defaultConfigurationIsVisible = 0;
			defaultConfigurationName = Release;
		};
/* End XCConfigurationList section */
	};
	rootObject = 93E42A3B1DCC778E0005ED14 /* Project object */;
}
